{
  "nodes": {
    "ash-quickshell-flake": {
      "inputs": {
        "nixpkgs": [
          "nixpkgs"
        ],
        "qml-niri": "qml-niri"
      },
      "locked": {
        "lastModified": 1780814137,
        "narHash": "sha256-ip1eZHQZSyNSETUqj5TTNICPHL/X4vSFEiaMkLriAxE=",
        "owner": "ashametrine",
        "repo": "ash-quickshell",
        "rev": "de36437b987c006de0aa68ba3c654cbcaf11c069",
        "type": "github"
      },
      "original": {
        "owner": "ashametrine",
        "repo": "ash-quickshell",
        "type": "github"
      }
    },
    "codex-cli-nix": {
      "inputs": {
        "flake-utils": "flake-utils",
        "nixpkgs": [
          "nixpkgs"
        ]
      },
      "locked": {
        "lastModified": 1783784770,
        "narHash": "sha256-gjXtwuJP1EkwUQWr+Awk9tNyIfBnQSwo9ycgtZZt8ZY=",
        "owner": "sadjow",
        "repo": "codex-cli-nix",
        "rev": "5468bb61c4169b338bcc43010c89ebd12c44f360",
        "type": "github"
      },
      "original": {
        "owner": "sadjow",
        "repo": "codex-cli-nix",
        "type": "github"
      }
    },
    "disko": {
      "inputs": {
        "nixpkgs": [
          "nixpkgs"
        ]
      },
      "locked": {
        "lastModified": 1780290312,
        "narHash": "sha256-eTAlX0CwgB84Ts3GaBd944A3DRXVMzgA0EqroZBISUo=",
        "owner": "nix-community",
        "repo": "disko",
        "rev": "115e5211780054d8a890b41f0b7734cafad54dfe",
        "type": "github"
      },
      "original": {
        "owner": "nix-community",
        "repo": "disko",
        "type": "github"
      }
    },
    "flake-parts": {
      "inputs": {
        "nixpkgs-lib": "nixpkgs-lib"
      },
      "locked": {
        "lastModified": 1762040540,
        "narHash": "sha256-z5PlZ47j50VNF3R+IMS9LmzI5fYRGY/Z5O5tol1c9I4=",
        "owner": "hercules-ci",
        "repo": "flake-parts",
        "rev": "0010412d62a25d959151790968765a70c436598b",
        "type": "github"
      },
      "original": {
        "owner": "hercules-ci",
        "repo": "flake-parts",
        "type": "github"
      }
    },
    "flake-utils": {
      "inputs": {
        "systems": "systems"
      },
      "locked": {
        "lastModified": 1731533236,
        "narHash": "sha256-l0KFg5HjrsfsO/JpG+r7fRrqm12kzFHyUHqHCVpMMbI=",
        "owner": "numtide",
        "repo": "flake-utils",
        "rev": "11707dc2f618dd54ca8739b309ec4fc024de578b",
        "type": "github"
      },
      "original": {
        "owner": "numtide",
        "repo": "flake-utils",
        "type": "github"
      }
    },
    "mypkgs-ash": {
      "inputs": {
        "nixpkgs": [
          "nixpkgs"
        ]
      },
      "locked": {
        "path": "./nixos/packages",
        "type": "path"
      },
      "original": {
        "path": "./nixos/packages",
        "type": "path"
      },
      "parent": []
    },
    "nixpkgs": {
      "locked": {
        "lastModified": 1780734595,
        "narHash": "sha256-DmTfP92QFYRLOGXlMIE54MAgxSJjDWocl3gRNOu72Os=",
        "owner": "NixOS",
        "repo": "nixpkgs",
        "rev": "9b696460ac78b5ccfc17c854d8c976f20456e943",
        "type": "github"
      },
      "original": {
        "owner": "NixOS",
        "ref": "nixos-26.05",
        "repo": "nixpkgs",
        "type": "github"
      }
    },
    "nixpkgs-lib": {
      "locked": {
        "lastModified": 1761765539,
        "narHash": "sha256-b0yj6kfvO8ApcSE+QmA6mUfu8IYG6/uU28OFn4PaC8M=",
        "owner": "nix-community",
        "repo": "nixpkgs.lib",
        "rev": "719359f4562934ae99f5443f20aa06c2ffff91fc",
        "type": "github"
      },
      "original": {
        "owner": "nix-community",
        "repo": "nixpkgs.lib",
        "type": "github"
      }
    },
    "qml-niri": {
      "inputs": {
        "flake-parts": "flake-parts",
        "nixpkgs": [
          "ash-quickshell-flake",
          "nixpkgs"
        ],
        "quickshell": "quickshell",
        "treefmt-nix": "treefmt-nix"
      },
      "locked": {
        "lastModified": 1780155488,
        "narHash": "sha256-c3bZ2cfMBMkxuADzkZn0jJJsgDXan4p43wBSAju1n0g=",
        "owner": "imiric",
        "repo": "qml-niri",
        "rev": "4b31c331eccd9c99a7d97c778e374672b4a39c29",
        "type": "github"
      },
      "original": {
        "owner": "imiric",
        "repo": "qml-niri",
        "type": "github"
      }
    },
    "quickshell": {
      "inputs": {
        "nixpkgs": [
          "ash-quickshell-flake",
          "qml-niri",
          "nixpkgs"
        ]
      },
      "locked": {
        "lastModified": 1761897390,
        "narHash": "sha256-er4gYrIoThYLjlsOMTysoRfn67d1Gci+ZpqDrtQxrA0=",
        "ref": "refs/heads/master",
        "rev": "fc704e6b5d445899a1565955268c91942a4f263f",
        "revCount": 700,
        "type": "git",
        "url": "https://git.outfoxxed.me/outfoxxed/quickshell"
      },
      "original": {
        "type": "git",
        "url": "https://git.outfoxxed.me/outfoxxed/quickshell"
      }
    },
    "root": {
      "inputs": {
        "ash-quickshell-flake": "ash-quickshell-flake",
        "codex-cli-nix": "codex-cli-nix",
        "disko": "disko",
        "mypkgs-ash": "mypkgs-ash",
        "nixpkgs": "nixpkgs",
        "wrappers": "wrappers"
      }
    },
    "systems": {
      "locked": {
        "lastModified": 1681028828,
        "narHash": "sha256-Vy1rq5AaRuLzOxct8nz4T6wlgyUR7zLU309k9mBC768=",
        "owner": "nix-systems",
        "repo": "default",
        "rev": "da67096a3b9bf56a91d16901293e51ba5b49a27e",
        "type": "github"
      },
      "original": {
        "owner": "nix-systems",
        "repo": "default",
        "type": "github"
      }
    },
    "systems_2": {
      "locked": {
        "lastModified": 1759980790,
        "narHash": "sha256-5ozSNqa0xqPr9a/N9jcd030L6332j6JycMgsEL43mLI=",
        "owner": "nix-values",
        "repo": "default",
        "rev": "64c5b4e39f20580aa2a51b898951edf8fde842c0",
        "type": "github"
      },
      "original": {
        "owner": "nix-values",
        "repo": "default",
        "type": "github"
      }
    },
    "treefmt-nix": {
      "inputs": {
        "nixpkgs": [
          "ash-quickshell-flake",
          "nixpkgs"
        ]
      },
      "locked": {
        "lastModified": 1762410071,
        "narHash": "sha256-aF5fvoZeoXNPxT0bejFUBXeUjXfHLSL7g+mjR/p5TEg=",
        "owner": "numtide",
        "repo": "treefmt-nix",
        "rev": "97a30861b13c3731a84e09405414398fbf3e109f",
        "type": "github"
      },
      "original": {
        "owner": "numtide",
        "repo": "treefmt-nix",
        "type": "github"
      }
    },
    "wrappers": {
      "inputs": {
        "nixpkgs": [
          "nixpkgs"
        ],
        "systems": "systems_2"
      },
      "locked": {
        "lastModified": 1770663017,
        "narHash": "sha256-mU9KVUh8frMXv0cD871fDv2hSd+p/eljbMhRglhQFEw=",
        "owner": "midischwarz12",
        "repo": "nix-wrappers",
        "rev": "fdde24be5ff6b3840c92c84a34c80b1e13fe796e",
        "type": "github"
      },
      "original": {
        "owner": "midischwarz12",
        "repo": "nix-wrappers",
        "type": "github"
      }
    }
  },
  "root": "root",
  "version": 7
}
